
Microsoft Visual Studio Solution File, Format Version 12.00
# Visual Studio 15
VisualStudioVersion = 15.0.28307.705
MinimumVisualStudioVersion = 10.0.40219.1
Project("{FAE04EC0-301F-11D3-BF4B-00C04F79EFBC}") = "TeachingTipBug", "TeachingTipBug\TeachingTipBug.csproj", "{D8F21158-DF1F-4EE9-A91D-46FF8E3FB92B}"
EndProject
Global
	GlobalSection(SolutionConfigurationPlatforms) = preSolution
		Debug|ARM = Debug|ARM
		Debug|ARM64 = Debug|ARM64
		Debug|x64 = Debug|x64
		Debug|x86 = Debug|x86
		Release|ARM = Release|ARM
		Release|ARM64 = Release|ARM64
		Release|x64 = Release|x64
		Release|x86 = Release|x86
	EndGlobalSection
	GlobalSection(ProjectConfigurationPlatforms) = postSolution
		{D8F21158-DF1F-4EE9-A91D-46FF8E3FB92B}.Debug|ARM.ActiveCfg = Debug|ARM
		{D8F21158-DF1F-4EE9-A91D-46FF8E3FB92B}.Debug|ARM.Build.0 = Debug|ARM
		{D8F21158-DF1F-4EE9-A91D-46FF8E3FB92B}.Debug|ARM.Deploy.0 = Debug|ARM
		{D8F21158-DF1F-4EE9-A91D-46FF8E3FB92B}.Debug|ARM64.ActiveCfg = Debug|ARM64
		{D8F21158-DF1F-4EE9-A91D-46FF8E3FB92B}.Debug|ARM64.Build.0 = Debug|ARM64
		{D8F21158-DF1F-4EE9-A91D-46FF8E3FB92B}.Debug|ARM64.Deploy.0 = Debug|ARM64
		{D8F21158-DF1F-4EE9-A91D-46FF8E3FB92B}.Debug|x64.ActiveCfg = Debug|x64
		{D8F21158-DF1F-4EE9-A91D-46FF8E3FB92B}.Debug|x64.Build.0 = Debug|x64
		{D8F21158-DF1F-4EE9-A91D-46FF8E3FB92B}.Debug|x64.Deploy.0 = Debug|x64
		{D8F21158-DF1F-4EE9-A91D-46FF8E3FB92B}.Debug|x86.ActiveCfg = Debug|x86
		{D8F21158-DF1F-4EE9-A91D-46FF8E3FB92B}.Debug|x86.Build.0 = Debug|x86
		{D8F21158-DF1F-4EE9-A91D-46FF8E3FB92B}.Debug|x86.Deploy.0 = Debug|x86
		{D8F21158-DF1F-4EE9-A91D-46FF8E3FB92B}.Release|ARM.ActiveCfg = Release|ARM
		{D8F21158-DF1F-4EE9-A91D-46FF8E3FB92B}.Release|ARM.Build.0 = Release|ARM
		{D8F21158-DF1F-4EE9-A91D-46FF8E3FB92B}.Release|ARM.Deploy.0 = Release|ARM
		{D8F21158-DF1F-4EE9-A91D-46FF8E3FB92B}.Release|ARM64.ActiveCfg = Release|ARM64
		{D8F21158-DF1F-4EE9-A91D-46FF8E3FB92B}.Release|ARM64.Build.0 = Release|ARM64
		{D8F21158-DF1F-4EE9-A91D-46FF8E3FB92B}.Release|ARM64.Deploy.0 = Release|ARM64
		{D8F21158-DF1F-4EE9-A91D-46FF8E3FB92B}.Release|x64.ActiveCfg = Release|x64
		{D8F21158-DF1F-4EE9-A91D-46FF8E3FB92B}.Release|x64.Build.0 = Release|x64
		{D8F21158-DF1F-4EE9-A91D-46FF8E3FB92B}.Release|x64.Deploy.0 = Release|x64
		{D8F21158-DF1F-4EE9-A91D-46FF8E3FB92B}.Release|x86.ActiveCfg = Release|x86
		{D8F21158-DF1F-4EE9-A91D-46FF8E3FB92B}.Release|x86.Build.0 = Release|x86
		{D8F21158-DF1F-4EE9-A91D-46FF8E3FB92B}.Release|x86.Deploy.0 = Release|x86
	EndGlobalSection
	GlobalSection(SolutionProperties) = preSolution
		HideSolutionNode = FALSE
	EndGlobalSection
	GlobalSection(ExtensibilityGlobals) = postSolution
		SolutionGuid = {BB96F2AD-E555-4432-8A83-68ED19B7C91A}
	EndGlobalSection
EndGlobal
